{
  "name": "scripts",
  "lockfileVersion": 3,
  "requires": true,
  "packages": {
    "": {
      "dependencies": {
        "@openrouter/sdk": "^1.4.21"
      }
    },
    "node_modules/@openrouter/sdk": {
      "version": "1.4.21",
      "resolved": "https://registry.npmjs.org/@openrouter/sdk/-/sdk-1.4.21.tgz",
      "integrity": "sha512-fWaxZ6NV7/qfocMfZfwb0cAjMLTh69B7S/H2b+Mb2dJzS2eZTTGTCb4egHEpB60SRcovUMv/ZqKW2DFU8tpExw==",
      "hasInstallScript": true,
      "license": "Apache-2.0",
      "dependencies": {
        "zod": "^3.25.0 || ^4.0.0"
      }
    },
    "node_modules/zod": {
      "version": "4.6.5",
      "resolved": "https://registry.npmjs.org/zod/-/zod-4.6.5.tgz",
      "integrity": "sha512-v5l/aFXZQeai4awLbOpSoHecE9UiMrnfx75tEXLjNonXVARxQ5mOeipTjROUchszUNCqnE+hqAMujRsRHsut2Q==",
      "license": "MIT",
      "funding": {
        "url": "https://github.com/sponsors/colinhacks"
      }
    }
  }
}
